// !$*UTF8*$!
{
	archiveVersion = 1;
	classes = {
	};
	objectVersion = 50;
	objects = {

/* Begin PBXBuildFile section */
		F598A26B221202CE0094BD3F /* Concentration.swift in Sources */ = {isa = PBXBuildFile; fileRef = F598A26A221202CE0094BD3F /* Concentration.swift */; };
		F598A26D221203810094BD3F /* Card.swift in Sources */ = {isa = PBXBuildFile; fileRef = F598A26C221203810094BD3F /* Card.swift */; };
		F5FAEC78220DF61F00AB45C3 /* AppDelegate.swift in Sources */ = {isa = PBXBuildFile; fileRef = F5FAEC77220DF61F00AB45C3 /* AppDelegate.swift */; };
		F5FAEC7A220DF61F00AB45C3 /* ViewController.swift in Sources */ = {isa = PBXBuildFile; fileRef = F5FAEC79220DF61F00AB45C3 /* ViewController.swift */; };
		F5FAEC7D220DF61F00AB45C3 /* Main.storyboard in Resources */ = {isa = PBXBuildFile; fileRef = F5FAEC7B220DF61F00AB45C3 /* Main.storyboard */; };
		F5FAEC7F220DF62100AB45C3 /* Assets.xcassets in Resources */ = {isa = PBXBuildFile; fileRef = F5FAEC7E220DF62100AB45C3 /* Assets.xcassets */; };
		F5FAEC82220DF62100AB45C3 /* LaunchScreen.storyboard in Resources */ = {isa = PBXBuildFile; fileRef = F5FAEC80220DF62100AB45C3 /* LaunchScreen.storyboard */; };
		F5FAEC8D220DF62100AB45C3 /* ConcetrationTests.swift in Sources */ = {isa = PBXBuildFile; fileRef = F5FAEC8C220DF62100AB45C3 /* ConcetrationTests.swift */; };
/* End PBXBuildFile section */

/* Begin PBXContainerItemProxy section */
		F5FAEC89220DF62100AB45C3 /* PBXContainerItemProxy */ = {
			isa = PBXContainerItemProxy;
			containerPortal = F5FAEC6C220DF61F00AB45C3 /* Project object */;
			proxyType = 1;
			remoteGlobalIDString = F5FAEC73220DF61F00AB45C3;
			remoteInfo = Concetration;
		};
/* End PBXContainerItemProxy section */

/* Begin PBXFileReference section */
		F598A26A221202CE0094BD3F /* Concentration.swift */ = {isa = PBXFileReference; lastKnownFileType = sourcecode.swift; path = Concentration.swift; sourceTree = "<group>"; };
		F598A26C221203810094BD3F /* Card.swift */ = {isa = PBXFileReference; lastKnownFileType = sourcecode.swift; path = Card.swift; sourceTree = "<group>"; };
		F5FAEC74220DF61F00AB45C3 /* Concetration.app */ = {isa = PBXFileReference; explicitFileType = wrapper.application; includeInIndex = 0; path = Concetration.app; sourceTree = BUILT_PRODUCTS_DIR; };
		F5FAEC77220DF61F00AB45C3 /* AppDelegate.swift */ = {isa = PBXFileReference; lastKnownFileType = sourcecode.swift; path = AppDelegate.swift; sourceTree = "<group>"; };
		F5FAEC79220DF61F00AB45C3 /* ViewController.swift */ = {isa = PBXFileReference; lastKnownFileType = sourcecode.swift; path = ViewController.swift; sourceTree = "<group>"; };
		F5FAEC7C220DF61F00AB45C3 /* Base */ = {isa = PBXFileReference; lastKnownFileType = file.storyboard; name = Base; path = Base.lproj/Main.storyboard; sourceTree = "<group>"; };
		F5FAEC7E220DF62100AB45C3 /* Assets.xcassets */ = {isa = PBXFileReference; lastKnownFileType = folder.assetcatalog; path = Assets.xcassets; sourceTree = "<group>"; };
		F5FAEC81220DF62100AB45C3 /* Base */ = {isa = PBXFileReference; lastKnownFileType = file.storyboard; name = Base; path = Base.lproj/LaunchScreen.storyboard; sourceTree = "<group>"; };
		F5FAEC83220DF62100AB45C3 /* Info.plist */ = {isa = PBXFileReference; lastKnownFileType = text.plist.xml; path = Info.plist; sourceTree = "<group>"; };
		F5FAEC88220DF62100AB45C3 /* ConcetrationTests.xctest */ = {isa = PBXFileReference; explicitFileType = wrapper.cfbundle; includeInIndex = 0; path = ConcetrationTests.xctest; sourceTree = BUILT_PRODUCTS_DIR; };
		F5FAEC8C220DF62100AB45C3 /* ConcetrationTests.swift */ = {isa = PBXFileReference; lastKnownFileType = sourcecode.swift; path = ConcetrationTests.swift; sourceTree = "<group>"; };
		F5FAEC8E220DF62100AB45C3 /* Info.plist */ = {isa = PBXFileReference; lastKnownFileType = text.plist.xml; path = Info.plist; sourceTree = "<group>"; };
/* End PBXFileReference section */

/* Begin PBXFrameworksBuildPhase section */
		F5FAEC71220DF61F00AB45C3 /* Frameworks */ = {
			isa = PBXFrameworksBuildPhase;
			buildActionMask = 2147483647;
			files = (
			);
			runOnlyForDeploymentPostprocessing = 0;
		};
		F5FAEC85220DF62100AB45C3 /* Frameworks */ = {
			isa = PBXFrameworksBuildPhase;
			buildActionMask = 2147483647;
			files = (
			);
			runOnlyForDeploymentPostprocessing = 0;
		};
/* End PBXFrameworksBuildPhase section */

/* Begin PBXGroup section */
		F5FAEC6B220DF61F00AB45C3 = {
			isa = PBXGroup;
			children = (
				F5FAEC76220DF61F00AB45C3 /* Concetration */,
				F5FAEC8B220DF62100AB45C3 /* ConcetrationTests */,
				F5FAEC75220DF61F00AB45C3 /* Products */,
			);
			sourceTree = "<group>";
		};
		F5FAEC75220DF61F00AB45C3 /* Products */ = {
			isa = PBXGroup;
			children = (
				F5FAEC74220DF61F00AB45C3 /* Concetration.app */,
				F5FAEC88220DF62100AB45C3 /* ConcetrationTests.xctest */,
			);
			name = Products;
			sourceTree = "<group>";
		};
		F5FAEC76220DF61F00AB45C3 /* Concetration */ = {
			isa = PBXGroup;
			children = (
				F5FAEC97220E0D8800AB45C3 /* Supporting Files */,
				F5FAEC79220DF61F00AB45C3 /* ViewController.swift */,
				F5FAEC7B220DF61F00AB45C3 /* Main.storyboard */,
				F5FAEC83220DF62100AB45C3 /* Info.plist */,
				F598A26A221202CE0094BD3F /* Concentration.swift */,
				F598A26C221203810094BD3F /* Card.swift */,
			);
			path = Concetration;
			sourceTree = "<group>";
		};
		F5FAEC8B220DF62100AB45C3 /* ConcetrationTests */ = {
			isa = PBXGroup;
			children = (
				F5FAEC8C220DF62100AB45C3 /* ConcetrationTests.swift */,
				F5FAEC8E220DF62100AB45C3 /* Info.plist */,
			);
			path = ConcetrationTests;
			sourceTree = "<group>";
		};
		F5FAEC97220E0D8800AB45C3 /* Supporting Files */ = {
			isa = PBXGroup;
			children = (
				F5FAEC77220DF61F00AB45C3 /* AppDelegate.swift */,
				F5FAEC7E220DF62100AB45C3 /* Assets.xcassets */,
				F5FAEC80220DF62100AB45C3 /* LaunchScreen.storyboard */,
			);
			path = "Supporting Files";
			sourceTree = "<group>";
		};
/* End PBXGroup section */

/* Begin PBXNativeTarget section */
		F5FAEC73220DF61F00AB45C3 /* Concetration */ = {
			isa = PBXNativeTarget;
			buildConfigurationList = F5FAEC91220DF62100AB45C3 /* Build configuration list for PBXNativeTarget "Concetration" */;
			buildPhases = (
				F5FAEC70220DF61F00AB45C3 /* Sources */,
				F5FAEC71220DF61F00AB45C3 /* Frameworks */,
				F5FAEC72220DF61F00AB45C3 /* Resources */,
			);
			buildRules = (
			);
			dependencies = (
			);
			name = Concetration;
			productName = Concetration;
			productReference = F5FAEC74220DF61F00AB45C3 /* Concetration.app */;
			productType = "com.apple.product-type.application";
		};
		F5FAEC87220DF62100AB45C3 /* ConcetrationTests */ = {
			isa = PBXNativeTarget;
			buildConfigurationList = F5FAEC94220DF62100AB45C3 /* Build configuration list for PBXNativeTarget "ConcetrationTests" */;
			buildPhases = (
				F5FAEC84220DF62100AB45C3 /* Sources */,
				F5FAEC85220DF62100AB45C3 /* Frameworks */,
				F5FAEC86220DF62100AB45C3 /* Resources */,
			);
			buildRules = (
			);
			dependencies = (
				F5FAEC8A220DF62100AB45C3 /* PBXTargetDependency */,
			);
			name = ConcetrationTests;
			productName = ConcetrationTests;
			productReference = F5FAEC88220DF62100AB45C3 /* ConcetrationTests.xctest */;
			productType = "com.apple.product-type.bundle.unit-test";
		};
/* End PBXNativeTarget section */

/* Begin PBXProject section */
		F5FAEC6C220DF61F00AB45C3 /* Project object */ = {
			isa = PBXProject;
			attributes = {
				LastSwiftUpdateCheck = 1010;
				LastUpgradeCheck = 1010;
				ORGANIZATIONNAME = "Tarek Hoteit";
				TargetAttributes = {
					F5FAEC73220DF61F00AB45C3 = {
						CreatedOnToolsVersion = 10.1;
					};
					F5FAEC87220DF62100AB45C3 = {
						CreatedOnToolsVersion = 10.1;
						TestTargetID = F5FAEC73220DF61F00AB45C3;
					};
				};
			};
			buildConfigurationList = F5FAEC6F220DF61F00AB45C3 /* Build configuration list for PBXProject "Concetration" */;
			compatibilityVersion = "Xcode 9.3";
			developmentRegion = en;
			hasScannedForEncodings = 0;
			knownRegions = (
				en,
				Base,
			);
			mainGroup = F5FAEC6B220DF61F00AB45C3;
			productRefGroup = F5FAEC75220DF61F00AB45C3 /* Products */;
			projectDirPath = "";
			projectRoot = "";
			targets = (
				F5FAEC73220DF61F00AB45C3 /* Concetration */,
				F5FAEC87220DF62100AB45C3 /* ConcetrationTests */,
			);
		};
/* End PBXProject section */

/* Begin PBXResourcesBuildPhase section */
		F5FAEC72220DF61F00AB45C3 /* Resources */ = {
			isa = PBXResourcesBuildPhase;
			buildActionMask = 2147483647;
			files = (
				F5FAEC82220DF62100AB45C3 /* LaunchScreen.storyboard in Resources */,
				F5FAEC7F220DF62100AB45C3 /* Assets.xcassets in Resources */,
				F5FAEC7D220DF61F00AB45C3 /* Main.storyboard in Resources */,
			);
			runOnlyForDeploymentPostprocessing = 0;
		};
		F5FAEC86220DF62100AB45C3 /* Resources */ = {
			isa = PBXResourcesBuildPhase;
			buildActionMask = 2147483647;
			files = (
			);
			runOnlyForDeploymentPostprocessing = 0;
		};
/* End PBXResourcesBuildPhase section */

/* Begin PBXSourcesBuildPhase section */
		F5FAEC70220DF61F00AB45C3 /* Sources */ = {
			isa = PBXSourcesBuildPhase;
			buildActionMask = 2147483647;
			files = (
				F5FAEC7A220DF61F00AB45C3 /* ViewController.swift in Sources */,
				F5FAEC78220DF61F00AB45C3 /* AppDelegate.swift in Sources */,
				F598A26B221202CE0094BD3F /* Concentration.swift in Sources */,
				F598A26D221203810094BD3F /* Card.swift in Sources */,
			);
			runOnlyForDeploymentPostprocessing = 0;
		};
		F5FAEC84220DF62100AB45C3 /* Sources */ = {
			isa = PBXSourcesBuildPhase;
			buildActionMask = 2147483647;
			files = (
				F5FAEC8D220DF62100AB45C3 /* ConcetrationTests.swift in Sources */,
			);
			runOnlyForDeploymentPostprocessing = 0;
		};
/* End PBXSourcesBuildPhase section */

/* Begin PBXTargetDependency section */
		F5FAEC8A220DF62100AB45C3 /* PBXTargetDependency */ = {
			isa = PBXTargetDependency;
			target = F5FAEC73220DF61F00AB45C3 /* Concetration */;
			targetProxy = F5FAEC89220DF62100AB45C3 /* PBXContainerItemProxy */;
		};
/* End PBXTargetDependency section */

/* Begin PBXVariantGroup section */
		F5FAEC7B220DF61F00AB45C3 /* Main.storyboard */ = {
			isa = PBXVariantGroup;
			children = (
				F5FAEC7C220DF61F00AB45C3 /* Base */,
			);
			name = Main.storyboard;
			sourceTree = "<group>";
		};
		F5FAEC80220DF62100AB45C3 /* LaunchScreen.storyboard */ = {
			isa = PBXVariantGroup;
			children = (
				F5FAEC81220DF62100AB45C3 /* Base */,
			);
			name = LaunchScreen.storyboard;
			sourceTree = "<group>";
		};
/* End PBXVariantGroup section */

/* Begin XCBuildConfiguration section */
		F5FAEC8F220DF62100AB45C3 /* Debug */ = {
			isa = XCBuildConfiguration;
			buildSettings = {
				ALWAYS_SEARCH_USER_PATHS = NO;
				CLANG_ANALYZER_NONNULL = YES;
				CLANG_ANALYZER_NUMBER_OBJECT_CONVERSION = YES_AGGRESSIVE;
				CLANG_CXX_LANGUAGE_STANDARD = "gnu++14";
				CLANG_CXX_LIBRARY = "libc++";
				CLANG_ENABLE_MODULES = YES;
				CLANG_ENABLE_OBJC_ARC = YES;
				CLANG_ENABLE_OBJC_WEAK = YES;
				CLANG_WARN_BLOCK_CAPTURE_AUTORELEASING = YES;
				CLANG_WARN_BOOL_CONVERSION = YES;
				CLANG_WARN_COMMA = YES;
				CLANG_WARN_CONSTANT_CONVERSION = YES;
				CLANG_WARN_DEPRECATED_OBJC_IMPLEMENTATIONS = YES;
				CLANG_WARN_DIRECT_OBJC_ISA_USAGE = YES_ERROR;
				CLANG_WARN_DOCUMENTATION_COMMENTS = YES;
				CLANG_WARN_EMPTY_BODY = YES;
				CLANG_WARN_ENUM_CONVERSION = YES;
				CLANG_WARN_INFINITE_RECURSION = YES;
				CLANG_WARN_INT_CONVERSION = YES;
				CLANG_WARN_NON_LITERAL_NULL_CONVERSION = YES;
				CLANG_WARN_OBJC_IMPLICIT_RETAIN_SELF = YES;
				CLANG_WARN_OBJC_LITERAL_CONVERSION = YES;
				CLANG_WARN_OBJC_ROOT_CLASS = YES_ERROR;
				CLANG_WARN_RANGE_LOOP_ANALYSIS = YES;
				CLANG_WARN_STRICT_PROTOTYPES = YES;
				CLANG_WARN_SUSPICIOUS_MOVE = YES;
				CLANG_WARN_UNGUARDED_AVAILABILITY = YES_AGGRESSIVE;
				CLANG_WARN_UNREACHABLE_CODE = YES;
				CLANG_WARN__DUPLICATE_METHOD_MATCH = YES;
				CODE_SIGN_IDENTITY = "iPhone Developer";
				COPY_PHASE_STRIP = NO;
				DEBUG_INFORMATION_FORMAT = dwarf;
				ENABLE_STRICT_OBJC_MSGSEND = YES;
				ENABLE_TESTABILITY = YES;
				GCC_C_LANGUAGE_STANDARD = gnu11;
				GCC_DYNAMIC_NO_PIC = NO;
				GCC_NO_COMMON_BLOCKS = YES;
				GCC_OPTIMIZATION_LEVEL = 0;
				GCC_PREPROCESSOR_DEFINITIONS = (
					"DEBUG=1",
					"$(inherited)",
				);
				GCC_WARN_64_TO_32_BIT_CONVERSION = YES;
				GCC_WARN_ABOUT_RETURN_TYPE = YES_ERROR;
				GCC_WARN_UNDECLARED_SELECTOR = YES;
				GCC_WARN_UNINITIALIZED_AUTOS = YES_AGGRESSIVE;
				GCC_WARN_UNUSED_FUNCTION = YES;
				GCC_WARN_UNUSED_VARIABLE = YES;
				IPHONEOS_DEPLOYMENT_TARGET = 12.1;
				MTL_ENABLE_DEBUG_INFO = INCLUDE_SOURCE;
				MTL_FAST_MATH = YES;
				ONLY_ACTIVE_ARCH = YES;
				SDKROOT = iphoneos;
				SWIFT_ACTIVE_COMPILATION_CONDITIONS = DEBUG;
				SWIFT_OPTIMIZATION_LEVEL = "-Onone";
			};
			name = Debug;
		};
		F5FAEC90220DF62100AB45C3 /* Release */ = {
			isa = XCBuildConfiguration;
			buildSettings = {
				ALWAYS_SEARCH_USER_PATHS = NO;
				CLANG_ANALYZER_NONNULL = YES;
				CLANG_ANALYZER_NUMBER_OBJECT_CONVERSION = YES_AGGRESSIVE;
				CLANG_CXX_LANGUAGE_STANDARD = "gnu++14";
				CLANG_CXX_LIBRARY = "libc++";
				CLANG_ENABLE_MODULES = YES;
				CLANG_ENABLE_OBJC_ARC = YES;
				CLANG_ENABLE_OBJC_WEAK = YES;
				CLANG_WARN_BLOCK_CAPTURE_AUTORELEASING = YES;
				CLANG_WARN_BOOL_CONVERSION = YES;
				CLANG_WARN_COMMA = YES;
				CLANG_WARN_CONSTANT_CONVERSION = YES;
				CLANG_WARN_DEPRECATED_OBJC_IMPLEMENTATIONS = YES;
				CLANG_WARN_DIRECT_OBJC_ISA_USAGE = YES_ERROR;
				CLANG_WARN_DOCUMENTATION_COMMENTS = YES;
				CLANG_WARN_EMPTY_BODY = YES;
				CLANG_WARN_ENUM_CONVERSION = YES;
				CLANG_WARN_INFINITE_RECURSION = YES;
				CLANG_WARN_INT_CONVERSION = YES;
				CLANG_WARN_NON_LITERAL_NULL_CONVERSION = YES;
				CLANG_WARN_OBJC_IMPLICIT_RETAIN_SELF = YES;
				CLANG_WARN_OBJC_LITERAL_CONVERSION = YES;
				CLANG_WARN_OBJC_ROOT_CLASS = YES_ERROR;
				CLANG_WARN_RANGE_LOOP_ANALYSIS = YES;
				CLANG_WARN_STRICT_PROTOTYPES = YES;
				CLANG_WARN_SUSPICIOUS_MOVE = YES;
				CLANG_WARN_UNGUARDED_AVAILABILITY = YES_AGGRESSIVE;
				CLANG_WARN_UNREACHABLE_CODE = YES;
				CLANG_WARN__DUPLICATE_METHOD_MATCH = YES;
				CODE_SIGN_IDENTITY = "iPhone Developer";
				COPY_PHASE_STRIP = NO;
				DEBUG_INFORMATION_FORMAT = "dwarf-with-dsym";
				ENABLE_NS_ASSERTIONS = NO;
				ENABLE_STRICT_OBJC_MSGSEND = YES;
				GCC_C_LANGUAGE_STANDARD = gnu11;
				GCC_NO_COMMON_BLOCKS = YES;
				GCC_WARN_64_TO_32_BIT_CONVERSION = YES;
				GCC_WARN_ABOUT_RETURN_TYPE = YES_ERROR;
				GCC_WARN_UNDECLARED_SELECTOR = YES;
				GCC_WARN_UNINITIALIZED_AUTOS = YES_AGGRESSIVE;
				GCC_WARN_UNUSED_FUNCTION = YES;
				GCC_WARN_UNUSED_VARIABLE = YES;
				IPHONEOS_DEPLOYMENT_TARGET = 12.1;
				MTL_ENABLE_DEBUG_INFO = NO;
				MTL_FAST_MATH = YES;
				SDKROOT = iphoneos;
				SWIFT_COMPILATION_MODE = wholemodule;
				SWIFT_OPTIMIZATION_LEVEL = "-O";
				VALIDATE_PRODUCT = YES;
			};
			name = Release;
		};
		F5FAEC92220DF62100AB45C3 /* Debug */ = {
			isa = XCBuildConfiguration;
			buildSettings = {
				ASSETCATALOG_COMPILER_APPICON_NAME = AppIcon;
				CODE_SIGN_IDENTITY = "iPhone Developer";
				CODE_SIGN_STYLE = Automatic;
				DEVELOPMENT_TEAM = TP3KNW9BL9;
				INFOPLIST_FILE = Concetration/Info.plist;
				LD_RUNPATH_SEARCH_PATHS = (
					"$(inherited)",
					"@executable_path/Frameworks",
				);
				PRODUCT_BUNDLE_IDENTIFIER = com.hoteit.Concetration;
				PRODUCT_NAME = "$(TARGET_NAME)";
				PROVISIONING_PROFILE_SPECIFIER = "";
				SWIFT_VERSION = 4.2;
				TARGETED_DEVICE_FAMILY = "1,2";
			};
			name = Debug;
		};
		F5FAEC93220DF62100AB45C3 /* Release */ = {
			isa = XCBuildConfiguration;
			buildSettings = {
				ASSETCATALOG_COMPILER_APPICON_NAME = AppIcon;
				CODE_SIGN_IDENTITY = "iPhone Developer";
				CODE_SIGN_STYLE = Automatic;
				DEVELOPMENT_TEAM = TP3KNW9BL9;
				INFOPLIST_FILE = Concetration/Info.plist;
				LD_RUNPATH_SEARCH_PATHS = (
					"$(inherited)",
					"@executable_path/Frameworks",
				);
				PRODUCT_BUNDLE_IDENTIFIER = com.hoteit.Concetration;
				PRODUCT_NAME = "$(TARGET_NAME)";
				PROVISIONING_PROFILE_SPECIFIER = "";
				SWIFT_VERSION = 4.2;
				TARGETED_DEVICE_FAMILY = "1,2";
			};
			name = Release;
		};
		F5FAEC95220DF62100AB45C3 /* Debug */ = {
			isa = XCBuildConfiguration;
			buildSettings = {
				ALWAYS_EMBED_SWIFT_STANDARD_LIBRARIES = YES;
				BUNDLE_LOADER = "$(TEST_HOST)";
				CODE_SIGN_STYLE = Automatic;
				DEVELOPMENT_TEAM = TP3KNW9BL9;
				INFOPLIST_FILE = ConcetrationTests/Info.plist;
				LD_RUNPATH_SEARCH_PATHS = (
					"$(inherited)",
					"@executable_path/Frameworks",
					"@loader_path/Frameworks",
				);
				PRODUCT_BUNDLE_IDENTIFIER = com.hoteit.ConcetrationTests;
				PRODUCT_NAME = "$(TARGET_NAME)";
				SWIFT_VERSION = 4.2;
				TARGETED_DEVICE_FAMILY = "1,2";
				TEST_HOST = "$(BUILT_PRODUCTS_DIR)/Concetration.app/Concetration";
			};
			name = Debug;
		};
		F5FAEC96220DF62100AB45C3 /* Release */ = {
			isa = XCBuildConfiguration;
			buildSettings = {
				ALWAYS_EMBED_SWIFT_STANDARD_LIBRARIES = YES;
				BUNDLE_LOADER = "$(TEST_HOST)";
				CODE_SIGN_STYLE = Automatic;
				DEVELOPMENT_TEAM = TP3KNW9BL9;
				INFOPLIST_FILE = ConcetrationTests/Info.plist;
				LD_RUNPATH_SEARCH_PATHS = (
					"$(inherited)",
					"@executable_path/Frameworks",
					"@loader_path/Frameworks",
				);
				PRODUCT_BUNDLE_IDENTIFIER = com.hoteit.ConcetrationTests;
				PRODUCT_NAME = "$(TARGET_NAME)";
				SWIFT_VERSION = 4.2;
				TARGETED_DEVICE_FAMILY = "1,2";
				TEST_HOST = "$(BUILT_PRODUCTS_DIR)/Concetration.app/Concetration";
			};
			name = Release;
		};
/* End XCBuildConfiguration section */

/* Begin XCConfigurationList section */
		F5FAEC6F220DF61F00AB45C3 /* Build configuration list for PBXProject "Concetration" */ = {
			isa = XCConfigurationList;
			buildConfigurations = (
				F5FAEC8F220DF62100AB45C3 /* Debug */,
				F5FAEC90220DF62100AB45C3 /* Release */,
			);
			defaultConfigurationIsVisible = 0;
			defaultConfigurationName = Release;
		};
		F5FAEC91220DF62100AB45C3 /* Build configuration list for PBXNativeTarget "Concetration" */ = {
			isa = XCConfigurationList;
			buildConfigurations = (
				F5FAEC92220DF62100AB45C3 /* Debug */,
				F5FAEC93220DF62100AB45C3 /* Release */,
			);
			defaultConfigurationIsVisible = 0;
			defaultConfigurationName = Release;
		};
		F5FAEC94220DF62100AB45C3 /* Build configuration list for PBXNativeTarget "ConcetrationTests" */ = {
			isa = XCConfigurationList;
			buildConfigurations = (
				F5FAEC95220DF62100AB45C3 /* Debug */,
				F5FAEC96220DF62100AB45C3 /* Release */,
			);
			defaultConfigurationIsVisible = 0;
			defaultConfigurationName = Release;
		};
/* End XCConfigurationList section */
	};
	rootObject = F5FAEC6C220DF61F00AB45C3 /* Project object */;
}
